
Microsoft Visual Studio Solution File, Format Version 12.00
# Visual Studio Version 17
VisualStudioVersion = 17.0.31903.59
MinimumVisualStudioVersion = 10.0.40219.1
Project("{FAE04EC0-301F-11D3-BF4B-00C04F79EFBC}") = "API", "API\API.csproj", "{E10AEE8E-DF8C-47C5-8D73-10F6F3014FC3}"
EndProject
Project("{FAE04EC0-301F-11D3-BF4B-00C04F79EFBC}") = "Core", "Core\Core.csproj", "{C2FA442A-1B64-48A3-9B80-C1ADE817A9D0}"
EndProject
Project("{FAE04EC0-301F-11D3-BF4B-00C04F79EFBC}") = "Infrastructure", "Infrastructure\Infrastructure.csproj", "{59B987AC-5012-4FBC-A78D-D20C1475E058}"
EndProject
Global
	GlobalSection(SolutionConfigurationPlatforms) = preSolution
		Debug|Any CPU = Debug|Any CPU
		Release|Any CPU = Release|Any CPU
	EndGlobalSection
	GlobalSection(SolutionProperties) = preSolution
		HideSolutionNode = FALSE
	EndGlobalSection
	GlobalSection(ProjectConfigurationPlatforms) = postSolution
		{E10AEE8E-DF8C-47C5-8D73-10F6F3014FC3}.Debug|Any CPU.ActiveCfg = Debug|Any CPU
		{E10AEE8E-DF8C-47C5-8D73-10F6F3014FC3}.Debug|Any CPU.Build.0 = Debug|Any CPU
		{E10AEE8E-DF8C-47C5-8D73-10F6F3014FC3}.Release|Any CPU.ActiveCfg = Release|Any CPU
		{E10AEE8E-DF8C-47C5-8D73-10F6F3014FC3}.Release|Any CPU.Build.0 = Release|Any CPU
		{C2FA442A-1B64-48A3-9B80-C1ADE817A9D0}.Debug|Any CPU.ActiveCfg = Debug|Any CPU
		{C2FA442A-1B64-48A3-9B80-C1ADE817A9D0}.Debug|Any CPU.Build.0 = Debug|Any CPU
		{C2FA442A-1B64-48A3-9B80-C1ADE817A9D0}.Release|Any CPU.ActiveCfg = Release|Any CPU
		{C2FA442A-1B64-48A3-9B80-C1ADE817A9D0}.Release|Any CPU.Build.0 = Release|Any CPU
		{59B987AC-5012-4FBC-A78D-D20C1475E058}.Debug|Any CPU.ActiveCfg = Debug|Any CPU
		{59B987AC-5012-4FBC-A78D-D20C1475E058}.Debug|Any CPU.Build.0 = Debug|Any CPU
		{59B987AC-5012-4FBC-A78D-D20C1475E058}.Release|Any CPU.ActiveCfg = Release|Any CPU
		{59B987AC-5012-4FBC-A78D-D20C1475E058}.Release|Any CPU.Build.0 = Release|Any CPU
	EndGlobalSection
EndGlobal
